
Microsoft Visual Studio Solution File, Format Version 12.00
# Visual Studio Version 16
VisualStudioVersion = 16.0.30611.23
MinimumVisualStudioVersion = 10.0.40219.1
Project("{FAE04EC0-301F-11D3-BF4B-00C04F79EFBC}") = "ClientLauncher", "ClientLauncher\ClientLauncher.csproj", "{76A05E21-52DD-401F-93FF-725A5ED40A90}"
	ProjectSection(ProjectDependencies) = postProject
		{29F806BE-92E6-4DBE-B208-6E203748AE80} = {29F806BE-92E6-4DBE-B208-6E203748AE80}
	EndProjectSection
EndProject
Project("{FAE04EC0-301F-11D3-BF4B-00C04F79EFBC}") = "XmlsPrebuildDefinitions", "XmlsPrebuildDefinitions\XmlsPrebuildDefinitions.csproj", "{14BF90D7-D969-4E14-A021-511FED0DF423}"
EndProject
Project("{FAE04EC0-301F-11D3-BF4B-00C04F79EFBC}") = "ProtobufDefinitions", "ProtobufDefinitions\ProtobufDefinitions.csproj", "{29F806BE-92E6-4DBE-B208-6E203748AE80}"
EndProject
Global
	GlobalSection(SolutionConfigurationPlatforms) = preSolution
		Debug|Any CPU = Debug|Any CPU
		Debug|x86 = Debug|x86
		NexusCandidate_Debug|Any CPU = NexusCandidate_Debug|Any CPU
		NexusCandidate_Debug|x86 = NexusCandidate_Debug|x86
		NexusCandidate_Release|Any CPU = NexusCandidate_Release|Any CPU
		NexusCandidate_Release|x86 = NexusCandidate_Release|x86
		Release|Any CPU = Release|Any CPU
		Release|x86 = Release|x86
	EndGlobalSection
	GlobalSection(ProjectConfigurationPlatforms) = postSolution
		{76A05E21-52DD-401F-93FF-725A5ED40A90}.Debug|Any CPU.ActiveCfg = Debug|Any CPU
		{76A05E21-52DD-401F-93FF-725A5ED40A90}.Debug|Any CPU.Build.0 = Debug|Any CPU
		{76A05E21-52DD-401F-93FF-725A5ED40A90}.Debug|x86.ActiveCfg = Debug|x86
		{76A05E21-52DD-401F-93FF-725A5ED40A90}.Debug|x86.Build.0 = Debug|x86
		{76A05E21-52DD-401F-93FF-725A5ED40A90}.NexusCandidate_Debug|Any CPU.ActiveCfg = NexusCandidate_Debug|Any CPU
		{76A05E21-52DD-401F-93FF-725A5ED40A90}.NexusCandidate_Debug|Any CPU.Build.0 = NexusCandidate_Debug|Any CPU
		{76A05E21-52DD-401F-93FF-725A5ED40A90}.NexusCandidate_Debug|x86.ActiveCfg = NexusCandidate_Debug|x86
		{76A05E21-52DD-401F-93FF-725A5ED40A90}.NexusCandidate_Debug|x86.Build.0 = NexusCandidate_Debug|x86
		{76A05E21-52DD-401F-93FF-725A5ED40A90}.NexusCandidate_Release|Any CPU.ActiveCfg = NexusCandidate_Release|Any CPU
		{76A05E21-52DD-401F-93FF-725A5ED40A90}.NexusCandidate_Release|Any CPU.Build.0 = NexusCandidate_Release|Any CPU
		{76A05E21-52DD-401F-93FF-725A5ED40A90}.NexusCandidate_Release|x86.ActiveCfg = NexusCandidate_Release|x86
		{76A05E21-52DD-401F-93FF-725A5ED40A90}.NexusCandidate_Release|x86.Build.0 = NexusCandidate_Release|x86
		{76A05E21-52DD-401F-93FF-725A5ED40A90}.Release|Any CPU.ActiveCfg = Release|Any CPU
		{76A05E21-52DD-401F-93FF-725A5ED40A90}.Release|Any CPU.Build.0 = Release|Any CPU
		{76A05E21-52DD-401F-93FF-725A5ED40A90}.Release|x86.ActiveCfg = Release|x86
		{76A05E21-52DD-401F-93FF-725A5ED40A90}.Release|x86.Build.0 = Release|x86
		{14BF90D7-D969-4E14-A021-511FED0DF423}.Debug|Any CPU.ActiveCfg = Debug|Any CPU
		{14BF90D7-D969-4E14-A021-511FED0DF423}.Debug|Any CPU.Build.0 = Debug|Any CPU
		{14BF90D7-D969-4E14-A021-511FED0DF423}.Debug|x86.ActiveCfg = Debug|Any CPU
		{14BF90D7-D969-4E14-A021-511FED0DF423}.Debug|x86.Build.0 = Debug|Any CPU
		{14BF90D7-D969-4E14-A021-511FED0DF423}.NexusCandidate_Debug|Any CPU.ActiveCfg = LibNexusCandidate_Debug|Any CPU
		{14BF90D7-D969-4E14-A021-511FED0DF423}.NexusCandidate_Debug|Any CPU.Build.0 = LibNexusCandidate_Debug|Any CPU
		{14BF90D7-D969-4E14-A021-511FED0DF423}.NexusCandidate_Debug|x86.ActiveCfg = LibNexusCandidate_Debug|Any CPU
		{14BF90D7-D969-4E14-A021-511FED0DF423}.NexusCandidate_Debug|x86.Build.0 = LibNexusCandidate_Debug|Any CPU
		{14BF90D7-D969-4E14-A021-511FED0DF423}.NexusCandidate_Release|Any CPU.ActiveCfg = LibNexusCandidate_Release|Any CPU
		{14BF90D7-D969-4E14-A021-511FED0DF423}.NexusCandidate_Release|Any CPU.Build.0 = LibNexusCandidate_Release|Any CPU
		{14BF90D7-D969-4E14-A021-511FED0DF423}.NexusCandidate_Release|x86.ActiveCfg = LibNexusCandidate_Release|Any CPU
		{14BF90D7-D969-4E14-A021-511FED0DF423}.NexusCandidate_Release|x86.Build.0 = LibNexusCandidate_Release|Any CPU
		{14BF90D7-D969-4E14-A021-511FED0DF423}.Release|Any CPU.ActiveCfg = Release|Any CPU
		{14BF90D7-D969-4E14-A021-511FED0DF423}.Release|Any CPU.Build.0 = Release|Any CPU
		{14BF90D7-D969-4E14-A021-511FED0DF423}.Release|x86.ActiveCfg = Release|Any CPU
		{14BF90D7-D969-4E14-A021-511FED0DF423}.Release|x86.Build.0 = Release|Any CPU
		{29F806BE-92E6-4DBE-B208-6E203748AE80}.Debug|Any CPU.ActiveCfg = Debug|Any CPU
		{29F806BE-92E6-4DBE-B208-6E203748AE80}.Debug|Any CPU.Build.0 = Debug|Any CPU
		{29F806BE-92E6-4DBE-B208-6E203748AE80}.Debug|x86.ActiveCfg = Debug|Any CPU
		{29F806BE-92E6-4DBE-B208-6E203748AE80}.Debug|x86.Build.0 = Debug|Any CPU
		{29F806BE-92E6-4DBE-B208-6E203748AE80}.NexusCandidate_Debug|Any CPU.ActiveCfg = Debug|Any CPU
		{29F806BE-92E6-4DBE-B208-6E203748AE80}.NexusCandidate_Debug|Any CPU.Build.0 = Debug|Any CPU
		{29F806BE-92E6-4DBE-B208-6E203748AE80}.NexusCandidate_Debug|x86.ActiveCfg = Debug|Any CPU
		{29F806BE-92E6-4DBE-B208-6E203748AE80}.NexusCandidate_Debug|x86.Build.0 = Debug|Any CPU
		{29F806BE-92E6-4DBE-B208-6E203748AE80}.NexusCandidate_Release|Any CPU.ActiveCfg = Release|Any CPU
		{29F806BE-92E6-4DBE-B208-6E203748AE80}.NexusCandidate_Release|Any CPU.Build.0 = Release|Any CPU
		{29F806BE-92E6-4DBE-B208-6E203748AE80}.NexusCandidate_Release|x86.ActiveCfg = Release|Any CPU
		{29F806BE-92E6-4DBE-B208-6E203748AE80}.NexusCandidate_Release|x86.Build.0 = Release|Any CPU
		{29F806BE-92E6-4DBE-B208-6E203748AE80}.Release|Any CPU.ActiveCfg = Release|Any CPU
		{29F806BE-92E6-4DBE-B208-6E203748AE80}.Release|Any CPU.Build.0 = Release|Any CPU
		{29F806BE-92E6-4DBE-B208-6E203748AE80}.Release|x86.ActiveCfg = Release|Any CPU
		{29F806BE-92E6-4DBE-B208-6E203748AE80}.Release|x86.Build.0 = Release|Any CPU
	EndGlobalSection
	GlobalSection(SolutionProperties) = preSolution
		HideSolutionNode = FALSE
	EndGlobalSection
	GlobalSection(ExtensibilityGlobals) = postSolution
		SolutionGuid = {E83DE2FD-D04B-4936-8529-C7B85EF929DA}
	EndGlobalSection
EndGlobal
